// !$*UTF8*$!
{
	archiveVersion = 1;
	classes = {
	};
	objectVersion = 46;
	objects = {

/* Begin PBXBuildFile section */
		5C7803881D3C4668002107FB /* PusherKit.h in Headers */ = {isa = PBXBuildFile; fileRef = 5C7803861D3C4668002107FB /* PusherKit.h */; settings = {ATTRIBUTES = (Public, ); }; };
		5C78038B1D3C4668002107FB /* PusherKit.framework in Frameworks */ = {isa = PBXBuildFile; fileRef = 5C7803841D3C4668002107FB /* PusherKit.framework */; };
		5C78038C1D3C4668002107FB /* PusherKit.framework in Embed Frameworks */ = {isa = PBXBuildFile; fileRef = 5C7803841D3C4668002107FB /* PusherKit.framework */; settings = {ATTRIBUTES = (CodeSignOnCopy, RemoveHeadersOnCopy, ); }; };
		5C7803911D3C4683002107FB /* NWHub.m in Sources */ = {isa = PBXBuildFile; fileRef = B3F232A1189682D30043DA98 /* NWHub.m */; };
		5C7803921D3C4683002107FB /* NWNotification.m in Sources */ = {isa = PBXBuildFile; fileRef = B3F232A3189682D30043DA98 /* NWNotification.m */; };
		5C7803931D3C4683002107FB /* NWPusher.m in Sources */ = {isa = PBXBuildFile; fileRef = B3F232A5189682D30043DA98 /* NWPusher.m */; };
		5C7803941D3C4683002107FB /* NWPushFeedback.m in Sources */ = {isa = PBXBuildFile; fileRef = B3F232A7189682D30043DA98 /* NWPushFeedback.m */; };
		5C7803951D3C4683002107FB /* NWSecTools.m in Sources */ = {isa = PBXBuildFile; fileRef = B3F232A9189682D30043DA98 /* NWSecTools.m */; };
		5C7803961D3C4683002107FB /* NWSSLConnection.m in Sources */ = {isa = PBXBuildFile; fileRef = B3F232AB189682D30043DA98 /* NWSSLConnection.m */; };
		5C7803971D3C4683002107FB /* NWType.m in Sources */ = {isa = PBXBuildFile; fileRef = B34BF1B318DDF401004BA9F7 /* NWType.m */; };
		5C7803981D3C4698002107FB /* NWLCore.c in Sources */ = {isa = PBXBuildFile; fileRef = B3376A61172BB71200242EBB /* NWLCore.c */; };
		5C7803991D3C4749002107FB /* NWHub.h in Headers */ = {isa = PBXBuildFile; fileRef = B3F232A0189682D30043DA98 /* NWHub.h */; settings = {ATTRIBUTES = (Public, ); }; };
		5C78039A1D3C4749002107FB /* NWNotification.h in Headers */ = {isa = PBXBuildFile; fileRef = B3F232A2189682D30043DA98 /* NWNotification.h */; settings = {ATTRIBUTES = (Public, ); }; };
		5C78039B1D3C4749002107FB /* NWPusher.h in Headers */ = {isa = PBXBuildFile; fileRef = B3F232A4189682D30043DA98 /* NWPusher.h */; settings = {ATTRIBUTES = (Public, ); }; };
		5C78039C1D3C4749002107FB /* NWPushFeedback.h in Headers */ = {isa = PBXBuildFile; fileRef = B3F232A6189682D30043DA98 /* NWPushFeedback.h */; settings = {ATTRIBUTES = (Public, ); }; };
		5C78039D1D3C4749002107FB /* NWSecTools.h in Headers */ = {isa = PBXBuildFile; fileRef = B3F232A8189682D30043DA98 /* NWSecTools.h */; settings = {ATTRIBUTES = (Public, ); }; };
		5C78039E1D3C4749002107FB /* NWSSLConnection.h in Headers */ = {isa = PBXBuildFile; fileRef = B3F232AA189682D30043DA98 /* NWSSLConnection.h */; settings = {ATTRIBUTES = (Public, ); }; };
		5C78039F1D3C4749002107FB /* NWType.h in Headers */ = {isa = PBXBuildFile; fileRef = B34BF1B218DDF401004BA9F7 /* NWType.h */; settings = {ATTRIBUTES = (Public, ); }; };
		5C7803A01D3C4749002107FB /* NWLCore.h in Headers */ = {isa = PBXBuildFile; fileRef = B3376A62172BB71200242EBB /* NWLCore.h */; settings = {ATTRIBUTES = (Public, ); }; };
		5C7803AA1D3C4826002107FB /* PusherKit.h in Headers */ = {isa = PBXBuildFile; fileRef = 5C7803A81D3C4826002107FB /* PusherKit.h */; settings = {ATTRIBUTES = (Public, ); }; };
		5C7803AD1D3C4826002107FB /* PusherKit.framework in Frameworks */ = {isa = PBXBuildFile; fileRef = 5C7803A61D3C4826002107FB /* PusherKit.framework */; };
		5C7803AF1D3C4826002107FB /* PusherKit.framework in Embed Frameworks */ = {isa = PBXBuildFile; fileRef = 5C7803A61D3C4826002107FB /* PusherKit.framework */; settings = {ATTRIBUTES = (CodeSignOnCopy, RemoveHeadersOnCopy, ); }; };
		5C7803B31D3C486F002107FB /* NWLCore.c in Sources */ = {isa = PBXBuildFile; fileRef = B3376A61172BB71200242EBB /* NWLCore.c */; };
		5C7803B41D3C487B002107FB /* NWHub.m in Sources */ = {isa = PBXBuildFile; fileRef = B3F232A1189682D30043DA98 /* NWHub.m */; };
		5C7803B51D3C487B002107FB /* NWNotification.m in Sources */ = {isa = PBXBuildFile; fileRef = B3F232A3189682D30043DA98 /* NWNotification.m */; };
		5C7803B61D3C487B002107FB /* NWPusher.m in Sources */ = {isa = PBXBuildFile; fileRef = B3F232A5189682D30043DA98 /* NWPusher.m */; };
		5C7803B71D3C487B002107FB /* NWPushFeedback.m in Sources */ = {isa = PBXBuildFile; fileRef = B3F232A7189682D30043DA98 /* NWPushFeedback.m */; };
		5C7803B81D3C487B002107FB /* NWSecTools.m in Sources */ = {isa = PBXBuildFile; fileRef = B3F232A9189682D30043DA98 /* NWSecTools.m */; };
		5C7803B91D3C487B002107FB /* NWSSLConnection.m in Sources */ = {isa = PBXBuildFile; fileRef = B3F232AB189682D30043DA98 /* NWSSLConnection.m */; };
		5C7803BA1D3C487B002107FB /* NWType.m in Sources */ = {isa = PBXBuildFile; fileRef = B34BF1B318DDF401004BA9F7 /* NWType.m */; };
		5C7803BB1D3C488C002107FB /* NWHub.h in Headers */ = {isa = PBXBuildFile; fileRef = B3F232A0189682D30043DA98 /* NWHub.h */; settings = {ATTRIBUTES = (Public, ); }; };
		5C7803BC1D3C488C002107FB /* NWNotification.h in Headers */ = {isa = PBXBuildFile; fileRef = B3F232A2189682D30043DA98 /* NWNotification.h */; settings = {ATTRIBUTES = (Public, ); }; };
		5C7803BD1D3C488C002107FB /* NWPusher.h in Headers */ = {isa = PBXBuildFile; fileRef = B3F232A4189682D30043DA98 /* NWPusher.h */; settings = {ATTRIBUTES = (Public, ); }; };
		5C7803BE1D3C488C002107FB /* NWPushFeedback.h in Headers */ = {isa = PBXBuildFile; fileRef = B3F232A6189682D30043DA98 /* NWPushFeedback.h */; settings = {ATTRIBUTES = (Public, ); }; };
		5C7803BF1D3C488C002107FB /* NWSecTools.h in Headers */ = {isa = PBXBuildFile; fileRef = B3F232A8189682D30043DA98 /* NWSecTools.h */; settings = {ATTRIBUTES = (Public, ); }; };
		5C7803C01D3C488C002107FB /* NWSSLConnection.h in Headers */ = {isa = PBXBuildFile; fileRef = B3F232AA189682D30043DA98 /* NWSSLConnection.h */; settings = {ATTRIBUTES = (Public, ); }; };
		5C7803C11D3C488C002107FB /* NWType.h in Headers */ = {isa = PBXBuildFile; fileRef = B34BF1B218DDF401004BA9F7 /* NWType.h */; settings = {ATTRIBUTES = (Public, ); }; };
		5C7803C21D3C488C002107FB /* NWLCore.h in Headers */ = {isa = PBXBuildFile; fileRef = B3376A62172BB71200242EBB /* NWLCore.h */; settings = {ATTRIBUTES = (Public, ); }; };
		9449878121AFFD8000C728AB /* icon.icns in Resources */ = {isa = PBXBuildFile; fileRef = 9449878021AFFD8000C728AB /* icon.icns */; };
		B3005FC318F43659009BB7C3 /* Application.xib in Resources */ = {isa = PBXBuildFile; fileRef = B3005FC218F43659009BB7C3 /* Application.xib */; };
		B33FB1C9172B185C006529CE /* main.m in Sources */ = {isa = PBXBuildFile; fileRef = B33FB1BC172B185C006529CE /* main.m */; };
		B33FB1CB172B185C006529CE /* NWAppDelegate.m in Sources */ = {isa = PBXBuildFile; fileRef = B33FB1BF172B185C006529CE /* NWAppDelegate.m */; };
		B33FB1F8172B1A7A006529CE /* Default-568h@2x.png in Resources */ = {isa = PBXBuildFile; fileRef = B33FB1EE172B1A7A006529CE /* Default-568h@2x.png */; };
		B33FB1F9172B1A7A006529CE /* Default.png in Resources */ = {isa = PBXBuildFile; fileRef = B33FB1EF172B1A7A006529CE /* Default.png */; };
		B33FB1FA172B1A7A006529CE /* Default@2x.png in Resources */ = {isa = PBXBuildFile; fileRef = B33FB1F0172B1A7A006529CE /* Default@2x.png */; };
		B33FB1FC172B1A7A006529CE /* main.m in Sources */ = {isa = PBXBuildFile; fileRef = B33FB1F3172B1A7A006529CE /* main.m */; };
		B33FB1FD172B1A7A006529CE /* NWAppDelegate.m in Sources */ = {isa = PBXBuildFile; fileRef = B33FB1F5172B1A7A006529CE /* NWAppDelegate.m */; };
		B33FB200172B1B9F006529CE /* UIKit.framework in Frameworks */ = {isa = PBXBuildFile; fileRef = B33FB1FF172B1B9F006529CE /* UIKit.framework */; };
		B33FB202172B1BA5006529CE /* Foundation.framework in Frameworks */ = {isa = PBXBuildFile; fileRef = B33FB201172B1BA4006529CE /* Foundation.framework */; };
		B33FB204172B1BAD006529CE /* CoreGraphics.framework in Frameworks */ = {isa = PBXBuildFile; fileRef = B33FB203172B1BAD006529CE /* CoreGraphics.framework */; };
		B33FB20F172B1EC2006529CE /* Security.framework in Frameworks */ = {isa = PBXBuildFile; fileRef = B33FB20E172B1EC2006529CE /* Security.framework */; };
		B33FB214172B303D006529CE /* Icon-72.png in Resources */ = {isa = PBXBuildFile; fileRef = B33FB210172B303C006529CE /* Icon-72.png */; };
		B33FB215172B303D006529CE /* Icon-72@2x.png in Resources */ = {isa = PBXBuildFile; fileRef = B33FB211172B303D006529CE /* Icon-72@2x.png */; };
		B33FB216172B303D006529CE /* icon.png in Resources */ = {isa = PBXBuildFile; fileRef = B33FB212172B303D006529CE /* icon.png */; };
		B33FB217172B303D006529CE /* Icon@2x.png in Resources */ = {isa = PBXBuildFile; fileRef = B33FB213172B303D006529CE /* Icon@2x.png */; };
		B395BA12172BC17A00631932 /* README.md in Resources */ = {isa = PBXBuildFile; fileRef = B3C6BE0015FD30E900F1F3F1 /* README.md */; };
		B3AFABEF172C81910027346A /* config.plist in Resources */ = {isa = PBXBuildFile; fileRef = B3AFABEE172C81910027346A /* config.plist */; };
		B3B4DCD318A7998300F9F258 /* LICENSE.txt in Resources */ = {isa = PBXBuildFile; fileRef = B3B4DCD218A7998300F9F258 /* LICENSE.txt */; };
		B3B4DCD418A7998300F9F258 /* LICENSE.txt in Resources */ = {isa = PBXBuildFile; fileRef = B3B4DCD218A7998300F9F258 /* LICENSE.txt */; };
		B3C6BD8015FD24D200F1F3F1 /* Cocoa.framework in Frameworks */ = {isa = PBXBuildFile; fileRef = B3C6BD7F15FD24D200F1F3F1 /* Cocoa.framework */; };
		B3C6BDD315FD27E900F1F3F1 /* Security.framework in Frameworks */ = {isa = PBXBuildFile; fileRef = B3C6BDD215FD27E900F1F3F1 /* Security.framework */; };
		B3C6BE0115FD30E900F1F3F1 /* README.md in Resources */ = {isa = PBXBuildFile; fileRef = B3C6BE0015FD30E900F1F3F1 /* README.md */; };
		B3F23256189657DA0043DA98 /* pusher.p12 in Resources */ = {isa = PBXBuildFile; fileRef = B3F23255189657DA0043DA98 /* pusher.p12 */; };
/* End PBXBuildFile section */

/* Begin PBXContainerItemProxy section */
		5C7803891D3C4668002107FB /* PBXContainerItemProxy */ = {
			isa = PBXContainerItemProxy;
			containerPortal = B3C6BD7215FD24D200F1F3F1 /* Project object */;
			proxyType = 1;
			remoteGlobalIDString = 5C7803831D3C4668002107FB;
			remoteInfo = "PusherKit-iOS";
		};
		5C7803AB1D3C4826002107FB /* PBXContainerItemProxy */ = {
			isa = PBXContainerItemProxy;
			containerPortal = B3C6BD7215FD24D200F1F3F1 /* Project object */;
			proxyType = 1;
			remoteGlobalIDString = 5C7803A51D3C4826002107FB;
			remoteInfo = "PusherKit-OSX";
		};
/* End PBXContainerItemProxy section */

/* Begin PBXCopyFilesBuildPhase section */
		5C7803901D3C4668002107FB /* Embed Frameworks */ = {
			isa = PBXCopyFilesBuildPhase;
			buildActionMask = 2147483647;
			dstPath = "";
			dstSubfolderSpec = 10;
			files = (
				5C78038C1D3C4668002107FB /* PusherKit.framework in Embed Frameworks */,
			);
			name = "Embed Frameworks";
			runOnlyForDeploymentPostprocessing = 0;
		};
		5C7803AE1D3C4826002107FB /* Embed Frameworks */ = {
			isa = PBXCopyFilesBuildPhase;
			buildActionMask = 2147483647;
			dstPath = "";
			dstSubfolderSpec = 10;
			files = (
				5C7803AF1D3C4826002107FB /* PusherKit.framework in Embed Frameworks */,
			);
			name = "Embed Frameworks";
			runOnlyForDeploymentPostprocessing = 0;
		};
/* End PBXCopyFilesBuildPhase section */

/* Begin PBXFileReference section */
		5C7803841D3C4668002107FB /* PusherKit.framework */ = {isa = PBXFileReference; explicitFileType = wrapper.framework; includeInIndex = 0; path = PusherKit.framework; sourceTree = BUILT_PRODUCTS_DIR; };
		5C7803861D3C4668002107FB /* PusherKit.h */ = {isa = PBXFileReference; lastKnownFileType = sourcecode.c.h; path = PusherKit.h; sourceTree = "<group>"; };
		5C7803871D3C4668002107FB /* Info.plist */ = {isa = PBXFileReference; lastKnownFileType = text.plist.xml; path = Info.plist; sourceTree = "<group>"; };
		5C7803A61D3C4826002107FB /* PusherKit.framework */ = {isa = PBXFileReference; explicitFileType = wrapper.framework; includeInIndex = 0; path = PusherKit.framework; sourceTree = BUILT_PRODUCTS_DIR; };
		5C7803A81D3C4826002107FB /* PusherKit.h */ = {isa = PBXFileReference; lastKnownFileType = sourcecode.c.h; path = PusherKit.h; sourceTree = "<group>"; };
		5C7803A91D3C4826002107FB /* Info.plist */ = {isa = PBXFileReference; lastKnownFileType = text.plist.xml; path = Info.plist; sourceTree = "<group>"; };
		9449878021AFFD8000C728AB /* icon.icns */ = {isa = PBXFileReference; lastKnownFileType = image.icns; path = icon.icns; sourceTree = "<group>"; };
		B3005FC218F43659009BB7C3 /* Application.xib */ = {isa = PBXFileReference; fileEncoding = 4; lastKnownFileType = file.xib; path = Application.xib; sourceTree = "<group>"; };
		B3376A61172BB71200242EBB /* NWLCore.c */ = {isa = PBXFileReference; fileEncoding = 4; lastKnownFileType = sourcecode.c.c; name = NWLCore.c; path = Mac/NWLCore.c; sourceTree = SOURCE_ROOT; };
		B3376A62172BB71200242EBB /* NWLCore.h */ = {isa = PBXFileReference; fileEncoding = 4; lastKnownFileType = sourcecode.c.h; name = NWLCore.h; path = Mac/NWLCore.h; sourceTree = SOURCE_ROOT; };
		B33FB1BC172B185C006529CE /* main.m */ = {isa = PBXFileReference; fileEncoding = 4; lastKnownFileType = sourcecode.c.objc; path = main.m; sourceTree = "<group>"; };
		B33FB1BE172B185C006529CE /* NWAppDelegate.h */ = {isa = PBXFileReference; fileEncoding = 4; lastKnownFileType = sourcecode.c.h; path = NWAppDelegate.h; sourceTree = "<group>"; };
		B33FB1BF172B185C006529CE /* NWAppDelegate.m */ = {isa = PBXFileReference; fileEncoding = 4; lastKnownFileType = sourcecode.c.objc; path = NWAppDelegate.m; sourceTree = "<group>"; };
		B33FB1C0172B185C006529CE /* PusherMac-Info.plist */ = {isa = PBXFileReference; fileEncoding = 4; lastKnownFileType = text.plist.xml; path = "PusherMac-Info.plist"; sourceTree = "<group>"; };
		B33FB1C1172B185C006529CE /* PusherMac-Prefix.pch */ = {isa = PBXFileReference; fileEncoding = 4; lastKnownFileType = sourcecode.c.h; path = "PusherMac-Prefix.pch"; sourceTree = "<group>"; };
		B33FB1D1172B1A66006529CE /* PusherTouch.app */ = {isa = PBXFileReference; explicitFileType = wrapper.application; includeInIndex = 0; path = PusherTouch.app; sourceTree = BUILT_PRODUCTS_DIR; };
		B33FB1EE172B1A7A006529CE /* Default-568h@2x.png */ = {isa = PBXFileReference; lastKnownFileType = image.png; path = "Default-568h@2x.png"; sourceTree = "<group>"; };
		B33FB1EF172B1A7A006529CE /* Default.png */ = {isa = PBXFileReference; lastKnownFileType = image.png; path = Default.png; sourceTree = "<group>"; };
		B33FB1F0172B1A7A006529CE /* Default@2x.png */ = {isa = PBXFileReference; lastKnownFileType = image.png; path = "Default@2x.png"; sourceTree = "<group>"; };
		B33FB1F3172B1A7A006529CE /* main.m */ = {isa = PBXFileReference; fileEncoding = 4; lastKnownFileType = sourcecode.c.objc; path = main.m; sourceTree = "<group>"; };
		B33FB1F4172B1A7A006529CE /* NWAppDelegate.h */ = {isa = PBXFileReference; fileEncoding = 4; lastKnownFileType = sourcecode.c.h; path = NWAppDelegate.h; sourceTree = "<group>"; };
		B33FB1F5172B1A7A006529CE /* NWAppDelegate.m */ = {isa = PBXFileReference; fileEncoding = 4; lastKnownFileType = sourcecode.c.objc; path = NWAppDelegate.m; sourceTree = "<group>"; };
		B33FB1F6172B1A7A006529CE /* PusherTouch-Info.plist */ = {isa = PBXFileReference; fileEncoding = 4; lastKnownFileType = text.plist.xml; path = "PusherTouch-Info.plist"; sourceTree = "<group>"; };
		B33FB1F7172B1A7A006529CE /* PusherTouch-Prefix.pch */ = {isa = PBXFileReference; fileEncoding = 4; lastKnownFileType = sourcecode.c.h; path = "PusherTouch-Prefix.pch"; sourceTree = "<group>"; };
		B33FB1FF172B1B9F006529CE /* UIKit.framework */ = {isa = PBXFileReference; lastKnownFileType = wrapper.framework; name = UIKit.framework; path = Platforms/iPhoneOS.platform/Developer/SDKs/iPhoneOS6.1.sdk/System/Library/Frameworks/UIKit.framework; sourceTree = DEVELOPER_DIR; };
		B33FB201172B1BA4006529CE /* Foundation.framework */ = {isa = PBXFileReference; lastKnownFileType = wrapper.framework; name = Foundation.framework; path = Platforms/iPhoneOS.platform/Developer/SDKs/iPhoneOS6.1.sdk/System/Library/Frameworks/Foundation.framework; sourceTree = DEVELOPER_DIR; };
		B33FB203172B1BAD006529CE /* CoreGraphics.framework */ = {isa = PBXFileReference; lastKnownFileType = wrapper.framework; name = CoreGraphics.framework; path = Platforms/iPhoneOS.platform/Developer/SDKs/iPhoneOS6.1.sdk/System/Library/Frameworks/CoreGraphics.framework; sourceTree = DEVELOPER_DIR; };
		B33FB20E172B1EC2006529CE /* Security.framework */ = {isa = PBXFileReference; lastKnownFileType = wrapper.framework; name = Security.framework; path = Platforms/iPhoneOS.platform/Developer/SDKs/iPhoneOS6.1.sdk/System/Library/Frameworks/Security.framework; sourceTree = DEVELOPER_DIR; };
		B33FB210172B303C006529CE /* Icon-72.png */ = {isa = PBXFileReference; lastKnownFileType = image.png; path = "Icon-72.png"; sourceTree = "<group>"; };
		B33FB211172B303D006529CE /* Icon-72@2x.png */ = {isa = PBXFileReference; lastKnownFileType = image.png; path = "Icon-72@2x.png"; sourceTree = "<group>"; };
		B33FB212172B303D006529CE /* icon.png */ = {isa = PBXFileReference; lastKnownFileType = image.png; path = icon.png; sourceTree = "<group>"; };
		B33FB213172B303D006529CE /* Icon@2x.png */ = {isa = PBXFileReference; lastKnownFileType = image.png; path = "Icon@2x.png"; sourceTree = "<group>"; };
		B343578419FC360B007A67C1 /* AppledocSettings.plist */ = {isa = PBXFileReference; lastKnownFileType = text.plist.xml; path = AppledocSettings.plist; sourceTree = "<group>"; };
		B34BF1B218DDF401004BA9F7 /* NWType.h */ = {isa = PBXFileReference; fileEncoding = 4; lastKnownFileType = sourcecode.c.h; path = NWType.h; sourceTree = "<group>"; };
		B34BF1B318DDF401004BA9F7 /* NWType.m */ = {isa = PBXFileReference; fileEncoding = 4; lastKnownFileType = sourcecode.c.objc; path = NWType.m; sourceTree = "<group>"; };
		B360423219F4315C00B0E97D /* CHANGLOG.md */ = {isa = PBXFileReference; lastKnownFileType = net.daringfireball.markdown; path = CHANGLOG.md; sourceTree = "<group>"; };
		B3AFABEE172C81910027346A /* config.plist */ = {isa = PBXFileReference; fileEncoding = 4; lastKnownFileType = text.plist.xml; path = config.plist; sourceTree = "<group>"; };
		B3B4DCD218A7998300F9F258 /* LICENSE.txt */ = {isa = PBXFileReference; fileEncoding = 4; lastKnownFileType = text; path = LICENSE.txt; sourceTree = "<group>"; };
		B3C6BD7B15FD24D200F1F3F1 /* Pusher.app */ = {isa = PBXFileReference; explicitFileType = wrapper.application; includeInIndex = 0; path = Pusher.app; sourceTree = BUILT_PRODUCTS_DIR; };
		B3C6BD7F15FD24D200F1F3F1 /* Cocoa.framework */ = {isa = PBXFileReference; lastKnownFileType = wrapper.framework; name = Cocoa.framework; path = System/Library/Frameworks/Cocoa.framework; sourceTree = SDKROOT; };
		B3C6BD8215FD24D200F1F3F1 /* AppKit.framework */ = {isa = PBXFileReference; lastKnownFileType = wrapper.framework; name = AppKit.framework; path = System/Library/Frameworks/AppKit.framework; sourceTree = SDKROOT; };
		B3C6BD8415FD24D200F1F3F1 /* Foundation.framework */ = {isa = PBXFileReference; lastKnownFileType = wrapper.framework; name = Foundation.framework; path = System/Library/Frameworks/Foundation.framework; sourceTree = SDKROOT; };
		B3C6BDD215FD27E900F1F3F1 /* Security.framework */ = {isa = PBXFileReference; lastKnownFileType = wrapper.framework; name = Security.framework; path = System/Library/Frameworks/Security.framework; sourceTree = SDKROOT; };
		B3C6BE0015FD30E900F1F3F1 /* README.md */ = {isa = PBXFileReference; fileEncoding = 4; lastKnownFileType = text; path = README.md; sourceTree = "<group>"; };
		B3F23255189657DA0043DA98 /* pusher.p12 */ = {isa = PBXFileReference; lastKnownFileType = file; path = pusher.p12; sourceTree = SOURCE_ROOT; };
		B3F232991896766B0043DA98 /* NWPusher.podspec */ = {isa = PBXFileReference; lastKnownFileType = text; path = NWPusher.podspec; sourceTree = "<group>"; };
		B3F232A0189682D30043DA98 /* NWHub.h */ = {isa = PBXFileReference; fileEncoding = 4; lastKnownFileType = sourcecode.c.h; path = NWHub.h; sourceTree = "<group>"; };
		B3F232A1189682D30043DA98 /* NWHub.m */ = {isa = PBXFileReference; fileEncoding = 4; lastKnownFileType = sourcecode.c.objc; path = NWHub.m; sourceTree = "<group>"; };
		B3F232A2189682D30043DA98 /* NWNotification.h */ = {isa = PBXFileReference; fileEncoding = 4; lastKnownFileType = sourcecode.c.h; path = NWNotification.h; sourceTree = "<group>"; };
		B3F232A3189682D30043DA98 /* NWNotification.m */ = {isa = PBXFileReference; fileEncoding = 4; lastKnownFileType = sourcecode.c.objc; path = NWNotification.m; sourceTree = "<group>"; };
		B3F232A4189682D30043DA98 /* NWPusher.h */ = {isa = PBXFileReference; fileEncoding = 4; lastKnownFileType = sourcecode.c.h; path = NWPusher.h; sourceTree = "<group>"; };
		B3F232A5189682D30043DA98 /* NWPusher.m */ = {isa = PBXFileReference; fileEncoding = 4; lastKnownFileType = sourcecode.c.objc; path = NWPusher.m; sourceTree = "<group>"; };
		B3F232A6189682D30043DA98 /* NWPushFeedback.h */ = {isa = PBXFileReference; fileEncoding = 4; lastKnownFileType = sourcecode.c.h; path = NWPushFeedback.h; sourceTree = "<group>"; };
		B3F232A7189682D30043DA98 /* NWPushFeedback.m */ = {isa = PBXFileReference; fileEncoding = 4; lastKnownFileType = sourcecode.c.objc; path = NWPushFeedback.m; sourceTree = "<group>"; };
		B3F232A8189682D30043DA98 /* NWSecTools.h */ = {isa = PBXFileReference; fileEncoding = 4; lastKnownFileType = sourcecode.c.h; path = NWSecTools.h; sourceTree = "<group>"; };
		B3F232A9189682D30043DA98 /* NWSecTools.m */ = {isa = PBXFileReference; fileEncoding = 4; lastKnownFileType = sourcecode.c.objc; path = NWSecTools.m; sourceTree = "<group>"; };
		B3F232AA189682D30043DA98 /* NWSSLConnection.h */ = {isa = PBXFileReference; fileEncoding = 4; lastKnownFileType = sourcecode.c.h; path = NWSSLConnection.h; sourceTree = "<group>"; };
		B3F232AB189682D30043DA98 /* NWSSLConnection.m */ = {isa = PBXFileReference; fileEncoding = 4; lastKnownFileType = sourcecode.c.objc; path = NWSSLConnection.m; sourceTree = "<group>"; };
/* End PBXFileReference section */

/* Begin PBXFrameworksBuildPhase section */
		5C7803801D3C4668002107FB /* Frameworks */ = {
			isa = PBXFrameworksBuildPhase;
			buildActionMask = 2147483647;
			files = (
			);
			runOnlyForDeploymentPostprocessing = 0;
		};
		5C7803A21D3C4826002107FB /* Frameworks */ = {
			isa = PBXFrameworksBuildPhase;
			buildActionMask = 2147483647;
			files = (
			);
			runOnlyForDeploymentPostprocessing = 0;
		};
		B33FB1CE172B1A66006529CE /* Frameworks */ = {
			isa = PBXFrameworksBuildPhase;
			buildActionMask = 2147483647;
			files = (
				B33FB20F172B1EC2006529CE /* Security.framework in Frameworks */,
				5C78038B1D3C4668002107FB /* PusherKit.framework in Frameworks */,
				B33FB204172B1BAD006529CE /* CoreGraphics.framework in Frameworks */,
				B33FB202172B1BA5006529CE /* Foundation.framework in Frameworks */,
				B33FB200172B1B9F006529CE /* UIKit.framework in Frameworks */,
			);
			runOnlyForDeploymentPostprocessing = 0;
		};
		B3C6BD7815FD24D200F1F3F1 /* Frameworks */ = {
			isa = PBXFrameworksBuildPhase;
			buildActionMask = 2147483647;
			files = (
				B3C6BDD315FD27E900F1F3F1 /* Security.framework in Frameworks */,
				B3C6BD8015FD24D200F1F3F1 /* Cocoa.framework in Frameworks */,
				5C7803AD1D3C4826002107FB /* PusherKit.framework in Frameworks */,
			);
			runOnlyForDeploymentPostprocessing = 0;
		};
/* End PBXFrameworksBuildPhase section */

/* Begin PBXGroup section */
		5C7803851D3C4668002107FB /* PusherKit-iOS */ = {
			isa = PBXGroup;
			children = (
				5C7803861D3C4668002107FB /* PusherKit.h */,
				5C7803871D3C4668002107FB /* Info.plist */,
			);
			path = "PusherKit-iOS";
			sourceTree = "<group>";
		};
		5C7803A71D3C4826002107FB /* PusherKit-OSX */ = {
			isa = PBXGroup;
			children = (
				5C7803A81D3C4826002107FB /* PusherKit.h */,
				5C7803A91D3C4826002107FB /* Info.plist */,
			);
			path = "PusherKit-OSX";
			sourceTree = "<group>";
		};
		B3376A5F172B9EFD00242EBB /* Supporting Files */ = {
			isa = PBXGroup;
			children = (
				B33FB1EE172B1A7A006529CE /* Default-568h@2x.png */,
				B33FB1EF172B1A7A006529CE /* Default.png */,
				B33FB1F0172B1A7A006529CE /* Default@2x.png */,
				B33FB210172B303C006529CE /* Icon-72.png */,
				B33FB211172B303D006529CE /* Icon-72@2x.png */,
				B33FB212172B303D006529CE /* icon.png */,
				B33FB213172B303D006529CE /* Icon@2x.png */,
				B33FB1F3172B1A7A006529CE /* main.m */,
				B33FB1F6172B1A7A006529CE /* PusherTouch-Info.plist */,
				B33FB1F7172B1A7A006529CE /* PusherTouch-Prefix.pch */,
			);
			name = "Supporting Files";
			sourceTree = "<group>";
		};
		B3376A60172B9F1F00242EBB /* Supporting Files */ = {
			isa = PBXGroup;
			children = (
				9449878021AFFD8000C728AB /* icon.icns */,
				B33FB1BC172B185C006529CE /* main.m */,
				B33FB1C0172B185C006529CE /* PusherMac-Info.plist */,
				B33FB1C1172B185C006529CE /* PusherMac-Prefix.pch */,
			);
			name = "Supporting Files";
			sourceTree = "<group>";
		};
		B33FB1BA172B185C006529CE /* Mac */ = {
			isa = PBXGroup;
			children = (
				B3AFABEE172C81910027346A /* config.plist */,
				B3005FC218F43659009BB7C3 /* Application.xib */,
				B33FB1BE172B185C006529CE /* NWAppDelegate.h */,
				B33FB1BF172B185C006529CE /* NWAppDelegate.m */,
				B3376A60172B9F1F00242EBB /* Supporting Files */,
			);
			path = Mac;
			sourceTree = "<group>";
		};
		B33FB1ED172B1A7A006529CE /* Touch */ = {
			isa = PBXGroup;
			children = (
				B3F23255189657DA0043DA98 /* pusher.p12 */,
				B3376A62172BB71200242EBB /* NWLCore.h */,
				B3376A61172BB71200242EBB /* NWLCore.c */,
				B33FB1F4172B1A7A006529CE /* NWAppDelegate.h */,
				B33FB1F5172B1A7A006529CE /* NWAppDelegate.m */,
				B3376A5F172B9EFD00242EBB /* Supporting Files */,
			);
			path = Touch;
			sourceTree = "<group>";
		};
		B3C6BD7015FD24D200F1F3F1 = {
			isa = PBXGroup;
			children = (
				B3C6BE0015FD30E900F1F3F1 /* README.md */,
				B360423219F4315C00B0E97D /* CHANGLOG.md */,
				B3B4DCD218A7998300F9F258 /* LICENSE.txt */,
				B3F232991896766B0043DA98 /* NWPusher.podspec */,
				B343578419FC360B007A67C1 /* AppledocSettings.plist */,
				B3F2329D189682D30043DA98 /* Classes */,
				B33FB1BA172B185C006529CE /* Mac */,
				B33FB1ED172B1A7A006529CE /* Touch */,
				5C7803851D3C4668002107FB /* PusherKit-iOS */,
				5C7803A71D3C4826002107FB /* PusherKit-OSX */,
				B3C6BD7E15FD24D200F1F3F1 /* Frameworks */,
				B3C6BD7C15FD24D200F1F3F1 /* Products */,
			);
			sourceTree = "<group>";
		};
		B3C6BD7C15FD24D200F1F3F1 /* Products */ = {
			isa = PBXGroup;
			children = (
				B3C6BD7B15FD24D200F1F3F1 /* Pusher.app */,
				B33FB1D1172B1A66006529CE /* PusherTouch.app */,
				5C7803841D3C4668002107FB /* PusherKit.framework */,
				5C7803A61D3C4826002107FB /* PusherKit.framework */,
			);
			name = Products;
			sourceTree = "<group>";
		};
		B3C6BD7E15FD24D200F1F3F1 /* Frameworks */ = {
			isa = PBXGroup;
			children = (
				B33FB20E172B1EC2006529CE /* Security.framework */,
				B3C6BDD215FD27E900F1F3F1 /* Security.framework */,
				B3C6BD7F15FD24D200F1F3F1 /* Cocoa.framework */,
				B33FB203172B1BAD006529CE /* CoreGraphics.framework */,
				B33FB1FF172B1B9F006529CE /* UIKit.framework */,
				B3C6BD8215FD24D200F1F3F1 /* AppKit.framework */,
				B33FB201172B1BA4006529CE /* Foundation.framework */,
				B3C6BD8415FD24D200F1F3F1 /* Foundation.framework */,
			);
			name = Frameworks;
			sourceTree = "<group>";
		};
		B3F2329D189682D30043DA98 /* Classes */ = {
			isa = PBXGroup;
			children = (
				B3F232A0189682D30043DA98 /* NWHub.h */,
				B3F232A1189682D30043DA98 /* NWHub.m */,
				B3F232A2189682D30043DA98 /* NWNotification.h */,
				B3F232A3189682D30043DA98 /* NWNotification.m */,
				B3F232A4189682D30043DA98 /* NWPusher.h */,
				B3F232A5189682D30043DA98 /* NWPusher.m */,
				B3F232A6189682D30043DA98 /* NWPushFeedback.h */,
				B3F232A7189682D30043DA98 /* NWPushFeedback.m */,
				B3F232A8189682D30043DA98 /* NWSecTools.h */,
				B3F232A9189682D30043DA98 /* NWSecTools.m */,
				B3F232AA189682D30043DA98 /* NWSSLConnection.h */,
				B3F232AB189682D30043DA98 /* NWSSLConnection.m */,
				B34BF1B218DDF401004BA9F7 /* NWType.h */,
				B34BF1B318DDF401004BA9F7 /* NWType.m */,
			);
			path = Classes;
			sourceTree = "<group>";
		};
/* End PBXGroup section */

/* Begin PBXHeadersBuildPhase section */
		5C7803811D3C4668002107FB /* Headers */ = {
			isa = PBXHeadersBuildPhase;
			buildActionMask = 2147483647;
			files = (
				5C7803881D3C4668002107FB /* PusherKit.h in Headers */,
				5C7803991D3C4749002107FB /* NWHub.h in Headers */,
				5C78039A1D3C4749002107FB /* NWNotification.h in Headers */,
				5C78039B1D3C4749002107FB /* NWPusher.h in Headers */,
				5C78039C1D3C4749002107FB /* NWPushFeedback.h in Headers */,
				5C78039D1D3C4749002107FB /* NWSecTools.h in Headers */,
				5C78039E1D3C4749002107FB /* NWSSLConnection.h in Headers */,
				5C78039F1D3C4749002107FB /* NWType.h in Headers */,
				5C7803A01D3C4749002107FB /* NWLCore.h in Headers */,
			);
			runOnlyForDeploymentPostprocessing = 0;
		};
		5C7803A31D3C4826002107FB /* Headers */ = {
			isa = PBXHeadersBuildPhase;
			buildActionMask = 2147483647;
			files = (
				5C7803AA1D3C4826002107FB /* PusherKit.h in Headers */,
				5C7803BB1D3C488C002107FB /* NWHub.h in Headers */,
				5C7803BC1D3C488C002107FB /* NWNotification.h in Headers */,
				5C7803BD1D3C488C002107FB /* NWPusher.h in Headers */,
				5C7803BE1D3C488C002107FB /* NWPushFeedback.h in Headers */,
				5C7803BF1D3C488C002107FB /* NWSecTools.h in Headers */,
				5C7803C01D3C488C002107FB /* NWSSLConnection.h in Headers */,
				5C7803C11D3C488C002107FB /* NWType.h in Headers */,
				5C7803C21D3C488C002107FB /* NWLCore.h in Headers */,
			);
			runOnlyForDeploymentPostprocessing = 0;
		};
/* End PBXHeadersBuildPhase section */

/* Begin PBXNativeTarget section */
		5C7803831D3C4668002107FB /* PusherKit-iOS */ = {
			isa = PBXNativeTarget;
			buildConfigurationList = 5C78038F1D3C4668002107FB /* Build configuration list for PBXNativeTarget "PusherKit-iOS" */;
			buildPhases = (
				5C78037F1D3C4668002107FB /* Sources */,
				5C7803801D3C4668002107FB /* Frameworks */,
				5C7803811D3C4668002107FB /* Headers */,
				5C7803821D3C4668002107FB /* Resources */,
			);
			buildRules = (
			);
			dependencies = (
			);
			name = "PusherKit-iOS";
			productName = "PusherKit-iOS";
			productReference = 5C7803841D3C4668002107FB /* PusherKit.framework */;
			productType = "com.apple.product-type.framework";
		};
		5C7803A51D3C4826002107FB /* PusherKit-OSX */ = {
			isa = PBXNativeTarget;
			buildConfigurationList = 5C7803B01D3C4826002107FB /* Build configuration list for PBXNativeTarget "PusherKit-OSX" */;
			buildPhases = (
				5C7803A11D3C4826002107FB /* Sources */,
				5C7803A21D3C4826002107FB /* Frameworks */,
				5C7803A31D3C4826002107FB /* Headers */,
				5C7803A41D3C4826002107FB /* Resources */,
			);
			buildRules = (
			);
			dependencies = (
			);
			name = "PusherKit-OSX";
			productName = "PusherKit-OSX";
			productReference = 5C7803A61D3C4826002107FB /* PusherKit.framework */;
			productType = "com.apple.product-type.framework";
		};
		B33FB1D0172B1A66006529CE /* PusherTouch */ = {
			isa = PBXNativeTarget;
			buildConfigurationList = B33FB1EA172B1A66006529CE /* Build configuration list for PBXNativeTarget "PusherTouch" */;
			buildPhases = (
				B33FB1CD172B1A66006529CE /* Sources */,
				B33FB1CE172B1A66006529CE /* Frameworks */,
				B33FB1CF172B1A66006529CE /* Resources */,
				5C7803901D3C4668002107FB /* Embed Frameworks */,
			);
			buildRules = (
			);
			dependencies = (
				5C78038A1D3C4668002107FB /* PBXTargetDependency */,
			);
			name = PusherTouch;
			productName = PusherTouch;
			productReference = B33FB1D1172B1A66006529CE /* PusherTouch.app */;
			productType = "com.apple.product-type.application";
		};
		B3C6BD7A15FD24D200F1F3F1 /* PusherMac */ = {
			isa = PBXNativeTarget;
			buildConfigurationList = B3C6BD9915FD24D200F1F3F1 /* Build configuration list for PBXNativeTarget "PusherMac" */;
			buildPhases = (
				B3C6BD7715FD24D200F1F3F1 /* Sources */,
				B3C6BD7815FD24D200F1F3F1 /* Frameworks */,
				B3C6BD7915FD24D200F1F3F1 /* Resources */,
				5C7803AE1D3C4826002107FB /* Embed Frameworks */,
			);
			buildRules = (
			);
			dependencies = (
				5C7803AC1D3C4826002107FB /* PBXTargetDependency */,
			);
			name = PusherMac;
			productName = Pusher;
			productReference = B3C6BD7B15FD24D200F1F3F1 /* Pusher.app */;
			productType = "com.apple.product-type.application";
		};
/* End PBXNativeTarget section */

/* Begin PBXProject section */
		B3C6BD7215FD24D200F1F3F1 /* Project object */ = {
			isa = PBXProject;
			attributes = {
				CLASSPREFIX = NW;
				LastUpgradeCheck = 0800;
				ORGANIZATIONNAME = noodlewerk;
				TargetAttributes = {
					5C7803831D3C4668002107FB = {
						CreatedOnToolsVersion = 8.0;
						ProvisioningStyle = Automatic;
					};
					5C7803A51D3C4826002107FB = {
						CreatedOnToolsVersion = 8.0;
						ProvisioningStyle = Automatic;
					};
				};
			};
			buildConfigurationList = B3C6BD7515FD24D200F1F3F1 /* Build configuration list for PBXProject "NWPusher" */;
			compatibilityVersion = "Xcode 3.2";
			developmentRegion = English;
			hasScannedForEncodings = 0;
			knownRegions = (
				en,
			);
			mainGroup = B3C6BD7015FD24D200F1F3F1;
			productRefGroup = B3C6BD7C15FD24D200F1F3F1 /* Products */;
			projectDirPath = "";
			projectRoot = "";
			targets = (
				B3C6BD7A15FD24D200F1F3F1 /* PusherMac */,
				B33FB1D0172B1A66006529CE /* PusherTouch */,
				5C7803831D3C4668002107FB /* PusherKit-iOS */,
				5C7803A51D3C4826002107FB /* PusherKit-OSX */,
			);
		};
/* End PBXProject section */

/* Begin PBXResourcesBuildPhase section */
		5C7803821D3C4668002107FB /* Resources */ = {
			isa = PBXResourcesBuildPhase;
			buildActionMask = 2147483647;
			files = (
			);
			runOnlyForDeploymentPostprocessing = 0;
		};
		5C7803A41D3C4826002107FB /* Resources */ = {
			isa = PBXResourcesBuildPhase;
			buildActionMask = 2147483647;
			files = (
			);
			runOnlyForDeploymentPostprocessing = 0;
		};
		B33FB1CF172B1A66006529CE /* Resources */ = {
			isa = PBXResourcesBuildPhase;
			buildActionMask = 2147483647;
			files = (
				B33FB1F8172B1A7A006529CE /* Default-568h@2x.png in Resources */,
				B3F23256189657DA0043DA98 /* pusher.p12 in Resources */,
				B33FB1F9172B1A7A006529CE /* Default.png in Resources */,
				B33FB1FA172B1A7A006529CE /* Default@2x.png in Resources */,
				B33FB214172B303D006529CE /* Icon-72.png in Resources */,
				B33FB215172B303D006529CE /* Icon-72@2x.png in Resources */,
				B33FB216172B303D006529CE /* icon.png in Resources */,
				B33FB217172B303D006529CE /* Icon@2x.png in Resources */,
				B3B4DCD418A7998300F9F258 /* LICENSE.txt in Resources */,
				B395BA12172BC17A00631932 /* README.md in Resources */,
			);
			runOnlyForDeploymentPostprocessing = 0;
		};
		B3C6BD7915FD24D200F1F3F1 /* Resources */ = {
			isa = PBXResourcesBuildPhase;
			buildActionMask = 2147483647;
			files = (
				9449878121AFFD8000C728AB /* icon.icns in Resources */,
				B3C6BE0115FD30E900F1F3F1 /* README.md in Resources */,
				B3005FC318F43659009BB7C3 /* Application.xib in Resources */,
				B3B4DCD318A7998300F9F258 /* LICENSE.txt in Resources */,
				B3AFABEF172C81910027346A /* config.plist in Resources */,
			);
			runOnlyForDeploymentPostprocessing = 0;
		};
/* End PBXResourcesBuildPhase section */

/* Begin PBXSourcesBuildPhase section */
		5C78037F1D3C4668002107FB /* Sources */ = {
			isa = PBXSourcesBuildPhase;
			buildActionMask = 2147483647;
			files = (
				5C7803951D3C4683002107FB /* NWSecTools.m in Sources */,
				5C7803961D3C4683002107FB /* NWSSLConnection.m in Sources */,
				5C7803911D3C4683002107FB /* NWHub.m in Sources */,
				5C7803941D3C4683002107FB /* NWPushFeedback.m in Sources */,
				5C7803981D3C4698002107FB /* NWLCore.c in Sources */,
				5C7803921D3C4683002107FB /* NWNotification.m in Sources */,
				5C7803971D3C4683002107FB /* NWType.m in Sources */,
				5C7803931D3C4683002107FB /* NWPusher.m in Sources */,
			);
			runOnlyForDeploymentPostprocessing = 0;
		};
		5C7803A11D3C4826002107FB /* Sources */ = {
			isa = PBXSourcesBuildPhase;
			buildActionMask = 2147483647;
			files = (
				5C7803B81D3C487B002107FB /* NWSecTools.m in Sources */,
				5C7803B41D3C487B002107FB /* NWHub.m in Sources */,
				5C7803BA1D3C487B002107FB /* NWType.m in Sources */,
				5C7803B71D3C487B002107FB /* NWPushFeedback.m in Sources */,
				5C7803B61D3C487B002107FB /* NWPusher.m in Sources */,
				5C7803B51D3C487B002107FB /* NWNotification.m in Sources */,
				5C7803B31D3C486F002107FB /* NWLCore.c in Sources */,
				5C7803B91D3C487B002107FB /* NWSSLConnection.m in Sources */,
			);
			runOnlyForDeploymentPostprocessing = 0;
		};
		B33FB1CD172B1A66006529CE /* Sources */ = {
			isa = PBXSourcesBuildPhase;
			buildActionMask = 2147483647;
			files = (
				B33FB1FC172B1A7A006529CE /* main.m in Sources */,
				B33FB1FD172B1A7A006529CE /* NWAppDelegate.m in Sources */,
			);
			runOnlyForDeploymentPostprocessing = 0;
		};
		B3C6BD7715FD24D200F1F3F1 /* Sources */ = {
			isa = PBXSourcesBuildPhase;
			buildActionMask = 2147483647;
			files = (
				B33FB1C9172B185C006529CE /* main.m in Sources */,
				B33FB1CB172B185C006529CE /* NWAppDelegate.m in Sources */,
			);
			runOnlyForDeploymentPostprocessing = 0;
		};
/* End PBXSourcesBuildPhase section */

/* Begin PBXTargetDependency section */
		5C78038A1D3C4668002107FB /* PBXTargetDependency */ = {
			isa = PBXTargetDependency;
			target = 5C7803831D3C4668002107FB /* PusherKit-iOS */;
			targetProxy = 5C7803891D3C4668002107FB /* PBXContainerItemProxy */;
		};
		5C7803AC1D3C4826002107FB /* PBXTargetDependency */ = {
			isa = PBXTargetDependency;
			target = 5C7803A51D3C4826002107FB /* PusherKit-OSX */;
			targetProxy = 5C7803AB1D3C4826002107FB /* PBXContainerItemProxy */;
		};
/* End PBXTargetDependency section */

/* Begin XCBuildConfiguration section */
		5C78038D1D3C4668002107FB /* Debug */ = {
			isa = XCBuildConfiguration;
			buildSettings = {
				CLANG_ANALYZER_NONNULL = YES;
				CLANG_CXX_LIBRARY = "libc++";
				CLANG_ENABLE_MODULES = YES;
				CLANG_WARN_BOOL_CONVERSION = YES;
				CLANG_WARN_CONSTANT_CONVERSION = YES;
				CLANG_WARN_DIRECT_OBJC_ISA_USAGE = YES_ERROR;
				CLANG_WARN_DOCUMENTATION_COMMENTS = YES;
				CLANG_WARN_EMPTY_BODY = YES;
				CLANG_WARN_ENUM_CONVERSION = YES;
				CLANG_WARN_INT_CONVERSION = YES;
				CLANG_WARN_OBJC_ROOT_CLASS = YES_ERROR;
				CLANG_WARN_UNREACHABLE_CODE = YES;
				"CODE_SIGN_IDENTITY[sdk=iphoneos*]" = "";
				CURRENT_PROJECT_VERSION = 1;
				DEBUG_INFORMATION_FORMAT = dwarf;
				DEFINES_MODULE = YES;
				DYLIB_COMPATIBILITY_VERSION = 1;
				DYLIB_CURRENT_VERSION = 1;
				DYLIB_INSTALL_NAME_BASE = "@rpath";
				ENABLE_STRICT_OBJC_MSGSEND = YES;
				GCC_NO_COMMON_BLOCKS = YES;
				GCC_WARN_ABOUT_RETURN_TYPE = YES_ERROR;
				GCC_WARN_UNDECLARED_SELECTOR = YES;
				GCC_WARN_UNINITIALIZED_AUTOS = YES_AGGRESSIVE;
				GCC_WARN_UNUSED_FUNCTION = YES;
				INFOPLIST_FILE = "PusherKit-iOS/Info.plist";
				INSTALL_PATH = "$(LOCAL_LIBRARY_DIR)/Frameworks";
				IPHONEOS_DEPLOYMENT_TARGET = 8.0;
				LD_RUNPATH_SEARCH_PATHS = "$(inherited) @executable_path/Frameworks @loader_path/Frameworks";
				MTL_ENABLE_DEBUG_INFO = YES;
				PRODUCT_BUNDLE_IDENTIFIER = "com.zats.PusherKit-iOS";
				PRODUCT_NAME = PusherKit;
				SDKROOT = iphoneos;
				SKIP_INSTALL = YES;
				SWIFT_ACTIVE_COMPILATION_CONDITIONS = DEBUG;
				SWIFT_OPTIMIZATION_LEVEL = "-Onone";
				SWIFT_VERSION = 3.0;
				TARGETED_DEVICE_FAMILY = "1,2";
				VERSIONING_SYSTEM = "apple-generic";
				VERSION_INFO_PREFIX = "";
			};
			name = Debug;
		};
		5C78038E1D3C4668002107FB /* Release */ = {
			isa = XCBuildConfiguration;
			buildSettings = {
				CLANG_ANALYZER_NONNULL = YES;
				CLANG_CXX_LIBRARY = "libc++";
				CLANG_ENABLE_MODULES = YES;
				CLANG_WARN_BOOL_CONVERSION = YES;
				CLANG_WARN_CONSTANT_CONVERSION = YES;
				CLANG_WARN_DIRECT_OBJC_ISA_USAGE = YES_ERROR;
				CLANG_WARN_DOCUMENTATION_COMMENTS = YES;
				CLANG_WARN_EMPTY_BODY = YES;
				CLANG_WARN_ENUM_CONVERSION = YES;
				CLANG_WARN_INT_CONVERSION = YES;
				CLANG_WARN_OBJC_ROOT_CLASS = YES_ERROR;
				CLANG_WARN_UNREACHABLE_CODE = YES;
				"CODE_SIGN_IDENTITY[sdk=iphoneos*]" = "";
				COPY_PHASE_STRIP = NO;
				CURRENT_PROJECT_VERSION = 1;
				DEFINES_MODULE = YES;
				DYLIB_COMPATIBILITY_VERSION = 1;
				DYLIB_CURRENT_VERSION = 1;
				DYLIB_INSTALL_NAME_BASE = "@rpath";
				ENABLE_NS_ASSERTIONS = NO;
				ENABLE_STRICT_OBJC_MSGSEND = YES;
				GCC_NO_COMMON_BLOCKS = YES;
				GCC_WARN_ABOUT_RETURN_TYPE = YES_ERROR;
				GCC_WARN_UNDECLARED_SELECTOR = YES;
				GCC_WARN_UNINITIALIZED_AUTOS = YES_AGGRESSIVE;
				GCC_WARN_UNUSED_FUNCTION = YES;
				INFOPLIST_FILE = "PusherKit-iOS/Info.plist";
				INSTALL_PATH = "$(LOCAL_LIBRARY_DIR)/Frameworks";
				IPHONEOS_DEPLOYMENT_TARGET = 8.0;
				LD_RUNPATH_SEARCH_PATHS = "$(inherited) @executable_path/Frameworks @loader_path/Frameworks";
				MTL_ENABLE_DEBUG_INFO = NO;
				PRODUCT_BUNDLE_IDENTIFIER = "com.zats.PusherKit-iOS";
				PRODUCT_NAME = PusherKit;
				SDKROOT = iphoneos;
				SKIP_INSTALL = YES;
				SWIFT_OPTIMIZATION_LEVEL = "-Owholemodule";
				SWIFT_VERSION = 3.0;
				TARGETED_DEVICE_FAMILY = "1,2";
				VALIDATE_PRODUCT = YES;
				VERSIONING_SYSTEM = "apple-generic";
				VERSION_INFO_PREFIX = "";
			};
			name = Release;
		};
		5C7803B11D3C4826002107FB /* Debug */ = {
			isa = XCBuildConfiguration;
			buildSettings = {
				CLANG_ANALYZER_NONNULL = YES;
				CLANG_CXX_LIBRARY = "libc++";
				CLANG_ENABLE_MODULES = YES;
				CLANG_WARN_BOOL_CONVERSION = YES;
				CLANG_WARN_CONSTANT_CONVERSION = YES;
				CLANG_WARN_DIRECT_OBJC_ISA_USAGE = YES_ERROR;
				CLANG_WARN_DOCUMENTATION_COMMENTS = YES;
				CLANG_WARN_EMPTY_BODY = YES;
				CLANG_WARN_ENUM_CONVERSION = YES;
				CLANG_WARN_INT_CONVERSION = YES;
				CLANG_WARN_OBJC_ROOT_CLASS = YES_ERROR;
				CLANG_WARN_UNREACHABLE_CODE = YES;
				CODE_SIGN_IDENTITY = "";
				COMBINE_HIDPI_IMAGES = YES;
				CURRENT_PROJECT_VERSION = 1;
				DEBUG_INFORMATION_FORMAT = dwarf;
				DEFINES_MODULE = YES;
				DYLIB_COMPATIBILITY_VERSION = 1;
				DYLIB_CURRENT_VERSION = 1;
				DYLIB_INSTALL_NAME_BASE = "@rpath";
				ENABLE_STRICT_OBJC_MSGSEND = YES;
				FRAMEWORK_VERSION = A;
				GCC_NO_COMMON_BLOCKS = YES;
				GCC_WARN_ABOUT_RETURN_TYPE = YES_ERROR;
				GCC_WARN_UNDECLARED_SELECTOR = YES;
				GCC_WARN_UNINITIALIZED_AUTOS = YES_AGGRESSIVE;
				GCC_WARN_UNUSED_FUNCTION = YES;
				INFOPLIST_FILE = "PusherKit-OSX/Info.plist";
				INSTALL_PATH = "$(LOCAL_LIBRARY_DIR)/Frameworks";
				LD_RUNPATH_SEARCH_PATHS = "$(inherited) @executable_path/../Frameworks @loader_path/Frameworks";
				MACOSX_DEPLOYMENT_TARGET = 10.11;
				MTL_ENABLE_DEBUG_INFO = YES;
				PRODUCT_BUNDLE_IDENTIFIER = "com.zats.PusherKit-OSX";
				PRODUCT_NAME = PusherKit;
				SKIP_INSTALL = YES;
				VERSIONING_SYSTEM = "apple-generic";
				VERSION_INFO_PREFIX = "";
			};
			name = Debug;
		};
		5C7803B21D3C4826002107FB /* Release */ = {
			isa = XCBuildConfiguration;
			buildSettings = {
				CLANG_ANALYZER_NONNULL = YES;
				CLANG_CXX_LIBRARY = "libc++";
				CLANG_ENABLE_MODULES = YES;
				CLANG_WARN_BOOL_CONVERSION = YES;
				CLANG_WARN_CONSTANT_CONVERSION = YES;
				CLANG_WARN_DIRECT_OBJC_ISA_USAGE = YES_ERROR;
				CLANG_WARN_DOCUMENTATION_COMMENTS = YES;
				CLANG_WARN_EMPTY_BODY = YES;
				CLANG_WARN_ENUM_CONVERSION = YES;
				CLANG_WARN_INT_CONVERSION = YES;
				CLANG_WARN_OBJC_ROOT_CLASS = YES_ERROR;
				CLANG_WARN_UNREACHABLE_CODE = YES;
				CODE_SIGN_IDENTITY = "";
				COMBINE_HIDPI_IMAGES = YES;
				COPY_PHASE_STRIP = NO;
				CURRENT_PROJECT_VERSION = 1;
				DEFINES_MODULE = YES;
				DYLIB_COMPATIBILITY_VERSION = 1;
				DYLIB_CURRENT_VERSION = 1;
				DYLIB_INSTALL_NAME_BASE = "@rpath";
				ENABLE_NS_ASSERTIONS = NO;
				ENABLE_STRICT_OBJC_MSGSEND = YES;
				FRAMEWORK_VERSION = A;
				GCC_NO_COMMON_BLOCKS = YES;
				GCC_WARN_ABOUT_RETURN_TYPE = YES_ERROR;
				GCC_WARN_UNDECLARED_SELECTOR = YES;
				GCC_WARN_UNINITIALIZED_AUTOS = YES_AGGRESSIVE;
				GCC_WARN_UNUSED_FUNCTION = YES;
				INFOPLIST_FILE = "PusherKit-OSX/Info.plist";
				INSTALL_PATH = "$(LOCAL_LIBRARY_DIR)/Frameworks";
				LD_RUNPATH_SEARCH_PATHS = "$(inherited) @executable_path/../Frameworks @loader_path/Frameworks";
				MACOSX_DEPLOYMENT_TARGET = 10.11;
				MTL_ENABLE_DEBUG_INFO = NO;
				PRODUCT_BUNDLE_IDENTIFIER = "com.zats.PusherKit-OSX";
				PRODUCT_NAME = PusherKit;
				SKIP_INSTALL = YES;
				VERSIONING_SYSTEM = "apple-generic";
				VERSION_INFO_PREFIX = "";
			};
			name = Release;
		};
		B33FB1EB172B1A66006529CE /* Debug */ = {
			isa = XCBuildConfiguration;
			buildSettings = {
				CLANG_CXX_LIBRARY = "libc++";
				CLANG_WARN_CONSTANT_CONVERSION = YES;
				CLANG_WARN_EMPTY_BODY = YES;
				CLANG_WARN_ENUM_CONVERSION = YES;
				CLANG_WARN_INT_CONVERSION = YES;
				"CODE_SIGN_IDENTITY[sdk=iphoneos*]" = "iPhone Developer";
				FRAMEWORK_SEARCH_PATHS = (
					"$(inherited)",
					"\"$(SYSTEM_APPS_DIR)/Xcode.app/Contents/Developer/Library/Frameworks\"",
				);
				GCC_PRECOMPILE_PREFIX_HEADER = YES;
				GCC_PREFIX_HEADER = "Touch/PusherTouch-Prefix.pch";
				GCC_PREPROCESSOR_DEFINITIONS = (
					"NWL_LIB=Pusher",
					"$(inherited)",
				);
				INFOPLIST_FILE = "Touch/PusherTouch-Info.plist";
				IPHONEOS_DEPLOYMENT_TARGET = 8.0;
				LD_RUNPATH_SEARCH_PATHS = "$(inherited) @executable_path/Frameworks";
				PRODUCT_BUNDLE_IDENTIFIER = com.noodlewerk.pusher;
				PRODUCT_NAME = "$(TARGET_NAME)";
				SDKROOT = iphoneos;
				TARGETED_DEVICE_FAMILY = "1,2";
				WRAPPER_EXTENSION = app;
			};
			name = Debug;
		};
		B33FB1EC172B1A66006529CE /* Release */ = {
			isa = XCBuildConfiguration;
			buildSettings = {
				CLANG_CXX_LIBRARY = "libc++";
				CLANG_WARN_CONSTANT_CONVERSION = YES;
				CLANG_WARN_EMPTY_BODY = YES;
				CLANG_WARN_ENUM_CONVERSION = YES;
				CLANG_WARN_INT_CONVERSION = YES;
				"CODE_SIGN_IDENTITY[sdk=iphoneos*]" = "iPhone Developer";
				FRAMEWORK_SEARCH_PATHS = (
					"$(inherited)",
					"\"$(SYSTEM_APPS_DIR)/Xcode.app/Contents/Developer/Library/Frameworks\"",
				);
				GCC_PRECOMPILE_PREFIX_HEADER = YES;
				GCC_PREFIX_HEADER = "Touch/PusherTouch-Prefix.pch";
				GCC_PREPROCESSOR_DEFINITIONS = "NWL_LIB=Pusher";
				INFOPLIST_FILE = "Touch/PusherTouch-Info.plist";
				IPHONEOS_DEPLOYMENT_TARGET = 8.0;
				LD_RUNPATH_SEARCH_PATHS = "$(inherited) @executable_path/Frameworks";
				OTHER_CFLAGS = "-DNS_BLOCK_ASSERTIONS=1";
				PRODUCT_BUNDLE_IDENTIFIER = com.noodlewerk.pusher;
				PRODUCT_NAME = "$(TARGET_NAME)";
				SDKROOT = iphoneos;
				TARGETED_DEVICE_FAMILY = "1,2";
				VALIDATE_PRODUCT = YES;
				WRAPPER_EXTENSION = app;
			};
			name = Release;
		};
		B3C6BD9715FD24D200F1F3F1 /* Debug */ = {
			isa = XCBuildConfiguration;
			buildSettings = {
				ALWAYS_SEARCH_USER_PATHS = NO;
				CLANG_CXX_LANGUAGE_STANDARD = "gnu++0x";
				CLANG_ENABLE_OBJC_ARC = YES;
				CLANG_WARN_BOOL_CONVERSION = YES;
				CLANG_WARN_CONSTANT_CONVERSION = YES;
				CLANG_WARN_EMPTY_BODY = YES;
				CLANG_WARN_ENUM_CONVERSION = YES;
				CLANG_WARN_INFINITE_RECURSION = YES;
				CLANG_WARN_INT_CONVERSION = YES;
				CLANG_WARN_SUSPICIOUS_MOVE = YES;
				CLANG_WARN_UNREACHABLE_CODE = YES;
				CLANG_WARN__DUPLICATE_METHOD_MATCH = YES;
				COPY_PHASE_STRIP = NO;
				ENABLE_STRICT_OBJC_MSGSEND = YES;
				ENABLE_TESTABILITY = YES;
				GCC_C_LANGUAGE_STANDARD = gnu99;
				GCC_DYNAMIC_NO_PIC = NO;
				GCC_ENABLE_OBJC_EXCEPTIONS = YES;
				GCC_NO_COMMON_BLOCKS = YES;
				GCC_OPTIMIZATION_LEVEL = 0;
				GCC_PREPROCESSOR_DEFINITIONS = (
					"DEBUG=1",
					"$(inherited)",
				);
				GCC_SYMBOLS_PRIVATE_EXTERN = NO;
				GCC_WARN_64_TO_32_BIT_CONVERSION = YES;
				GCC_WARN_ABOUT_RETURN_TYPE = YES;
				GCC_WARN_UNDECLARED_SELECTOR = YES;
				GCC_WARN_UNINITIALIZED_AUTOS = YES;
				GCC_WARN_UNUSED_FUNCTION = YES;
				GCC_WARN_UNUSED_VARIABLE = YES;
				MACOSX_DEPLOYMENT_TARGET = 10.8;
				ONLY_ACTIVE_ARCH = YES;
				SDKROOT = macosx;
			};
			name = Debug;
		};
		B3C6BD9815FD24D200F1F3F1 /* Release */ = {
			isa = XCBuildConfiguration;
			buildSettings = {
				ALWAYS_SEARCH_USER_PATHS = NO;
				CLANG_CXX_LANGUAGE_STANDARD = "gnu++0x";
				CLANG_ENABLE_OBJC_ARC = YES;
				CLANG_WARN_BOOL_CONVERSION = YES;
				CLANG_WARN_CONSTANT_CONVERSION = YES;
				CLANG_WARN_EMPTY_BODY = YES;
				CLANG_WARN_ENUM_CONVERSION = YES;
				CLANG_WARN_INFINITE_RECURSION = YES;
				CLANG_WARN_INT_CONVERSION = YES;
				CLANG_WARN_SUSPICIOUS_MOVE = YES;
				CLANG_WARN_UNREACHABLE_CODE = YES;
				CLANG_WARN__DUPLICATE_METHOD_MATCH = YES;
				COPY_PHASE_STRIP = YES;
				DEBUG_INFORMATION_FORMAT = "dwarf-with-dsym";
				ENABLE_STRICT_OBJC_MSGSEND = YES;
				GCC_C_LANGUAGE_STANDARD = gnu99;
				GCC_ENABLE_OBJC_EXCEPTIONS = YES;
				GCC_NO_COMMON_BLOCKS = YES;
				GCC_WARN_64_TO_32_BIT_CONVERSION = YES;
				GCC_WARN_ABOUT_RETURN_TYPE = YES;
				GCC_WARN_UNDECLARED_SELECTOR = YES;
				GCC_WARN_UNINITIALIZED_AUTOS = YES;
				GCC_WARN_UNUSED_FUNCTION = YES;
				GCC_WARN_UNUSED_VARIABLE = YES;
				MACOSX_DEPLOYMENT_TARGET = 10.8;
				SDKROOT = macosx;
			};
			name = Release;
		};
		B3C6BD9A15FD24D200F1F3F1 /* Debug */ = {
			isa = XCBuildConfiguration;
			buildSettings = {
				CODE_SIGN_IDENTITY = "-";
				COMBINE_HIDPI_IMAGES = YES;
				GCC_PRECOMPILE_PREFIX_HEADER = YES;
				GCC_PREFIX_HEADER = "Mac/PusherMac-Prefix.pch";
				GCC_PREPROCESSOR_DEFINITIONS = (
					"NWL_LIB=Pusher",
					"$(inherited)",
				);
				INFOPLIST_FILE = "Mac/PusherMac-Info.plist";
				LD_RUNPATH_SEARCH_PATHS = "$(inherited) @executable_path/../Frameworks";
				MACOSX_DEPLOYMENT_TARGET = 10.7;
				PRODUCT_BUNDLE_IDENTIFIER = "com.noodlewerk.${PRODUCT_NAME:rfc1034identifier}";
				PRODUCT_NAME = Pusher;
				WRAPPER_EXTENSION = app;
			};
			name = Debug;
		};
		B3C6BD9B15FD24D200F1F3F1 /* Release */ = {
			isa = XCBuildConfiguration;
			buildSettings = {
				CODE_SIGN_IDENTITY = "-";
				COMBINE_HIDPI_IMAGES = YES;
				GCC_PRECOMPILE_PREFIX_HEADER = YES;
				GCC_PREFIX_HEADER = "Mac/PusherMac-Prefix.pch";
				GCC_PREPROCESSOR_DEFINITIONS = (
					"NWL_LIB=Pusher",
					"$(inherited)",
				);
				INFOPLIST_FILE = "Mac/PusherMac-Info.plist";
				LD_RUNPATH_SEARCH_PATHS = "$(inherited) @executable_path/../Frameworks";
				MACOSX_DEPLOYMENT_TARGET = 10.7;
				PRODUCT_BUNDLE_IDENTIFIER = "com.noodlewerk.${PRODUCT_NAME:rfc1034identifier}";
				PRODUCT_NAME = Pusher;
				WRAPPER_EXTENSION = app;
			};
			name = Release;
		};
/* End XCBuildConfiguration section */

/* Begin XCConfigurationList section */
		5C78038F1D3C4668002107FB /* Build configuration list for PBXNativeTarget "PusherKit-iOS" */ = {
			isa = XCConfigurationList;
			buildConfigurations = (
				5C78038D1D3C4668002107FB /* Debug */,
				5C78038E1D3C4668002107FB /* Release */,
			);
			defaultConfigurationIsVisible = 0;
			defaultConfigurationName = Release;
		};
		5C7803B01D3C4826002107FB /* Build configuration list for PBXNativeTarget "PusherKit-OSX" */ = {
			isa = XCConfigurationList;
			buildConfigurations = (
				5C7803B11D3C4826002107FB /* Debug */,
				5C7803B21D3C4826002107FB /* Release */,
			);
			defaultConfigurationIsVisible = 0;
			defaultConfigurationName = Release;
		};
		B33FB1EA172B1A66006529CE /* Build configuration list for PBXNativeTarget "PusherTouch" */ = {
			isa = XCConfigurationList;
			buildConfigurations = (
				B33FB1EB172B1A66006529CE /* Debug */,
				B33FB1EC172B1A66006529CE /* Release */,
			);
			defaultConfigurationIsVisible = 0;
			defaultConfigurationName = Release;
		};
		B3C6BD7515FD24D200F1F3F1 /* Build configuration list for PBXProject "NWPusher" */ = {
			isa = XCConfigurationList;
			buildConfigurations = (
				B3C6BD9715FD24D200F1F3F1 /* Debug */,
				B3C6BD9815FD24D200F1F3F1 /* Release */,
			);
			defaultConfigurationIsVisible = 0;
			defaultConfigurationName = Release;
		};
		B3C6BD9915FD24D200F1F3F1 /* Build configuration list for PBXNativeTarget "PusherMac" */ = {
			isa = XCConfigurationList;
			buildConfigurations = (
				B3C6BD9A15FD24D200F1F3F1 /* Debug */,
				B3C6BD9B15FD24D200F1F3F1 /* Release */,
			);
			defaultConfigurationIsVisible = 0;
			defaultConfigurationName = Release;
		};
/* End XCConfigurationList section */
	};
	rootObject = B3C6BD7215FD24D200F1F3F1 /* Project object */;
}
